{
  "requires": true,
  "lockfileVersion": 1,
  "dependencies": {
    "neovis.js": {
      "version": "1.0.0",
      "resolved": "https://registry.npmjs.org/neovis.js/-/neovis.js-1.0.0.tgz",
      "integrity": "sha512-r2mvcYqcbLT9kTP9fFf2qVXiQEbb7VuzNvOam3rwk+JvU0IQ0qAjULUGPotPZpqW+ccpaxw2cSTUsBS8IROauQ=="
    }
  }
}
